
Microsoft Visual Studio Solution File, Format Version 12.00
# Visual Studio Version 17
VisualStudioVersion = 17.4.33110.190
MinimumVisualStudioVersion = 10.0.40219.1
Project("{FAE04EC0-301F-11D3-BF4B-00C04F79EFBC}") = "SuperHeroCrudAppNet7Api", "SuperHeroCrudAppNet7Api\SuperHeroCrudAppNet7Api.csproj", "{B7A826C9-858A-4C02-9448-CCE2187B23A6}"
EndProject
Global
	GlobalSection(SolutionConfigurationPlatforms) = preSolution
		Debug|Any CPU = Debug|Any CPU
		Release|Any CPU = Release|Any CPU
	EndGlobalSection
	GlobalSection(ProjectConfigurationPlatforms) = postSolution
		{B7A826C9-858A-4C02-9448-CCE2187B23A6}.Debug|Any CPU.ActiveCfg = Debug|Any CPU
		{B7A826C9-858A-4C02-9448-CCE2187B23A6}.Debug|Any CPU.Build.0 = Debug|Any CPU
		{B7A826C9-858A-4C02-9448-CCE2187B23A6}.Release|Any CPU.ActiveCfg = Release|Any CPU
		{B7A826C9-858A-4C02-9448-CCE2187B23A6}.Release|Any CPU.Build.0 = Release|Any CPU
	EndGlobalSection
	GlobalSection(SolutionProperties) = preSolution
		HideSolutionNode = FALSE
	EndGlobalSection
	GlobalSection(ExtensibilityGlobals) = postSolution
		SolutionGuid = {E75257A1-1DFD-4C64-A041-C977A51AA590}
	EndGlobalSection
EndGlobal
